
Microsoft Visual Studio Solution File, Format Version 12.00
# Visual Studio Version 17
VisualStudioVersion = 17.9.34728.123
MinimumVisualStudioVersion = 10.0.40219.1
Project("{FAE04EC0-301F-11D3-BF4B-00C04F79EFBC}") = "RoupaBox", "RoupaBox\RoupaBox.csproj", "{B284A216-98CC-42E3-B60C-5BC7E11BA65F}"
EndProject
Global
	GlobalSection(SolutionConfigurationPlatforms) = preSolution
		Debug|Any CPU = Debug|Any CPU
		Release|Any CPU = Release|Any CPU
	EndGlobalSection
	GlobalSection(ProjectConfigurationPlatforms) = postSolution
		{B284A216-98CC-42E3-B60C-5BC7E11BA65F}.Debug|Any CPU.ActiveCfg = Debug|Any CPU
		{B284A216-98CC-42E3-B60C-5BC7E11BA65F}.Debug|Any CPU.Build.0 = Debug|Any CPU
		{B284A216-98CC-42E3-B60C-5BC7E11BA65F}.Release|Any CPU.ActiveCfg = Release|Any CPU
		{B284A216-98CC-42E3-B60C-5BC7E11BA65F}.Release|Any CPU.Build.0 = Release|Any CPU
	EndGlobalSection
	GlobalSection(SolutionProperties) = preSolution
		HideSolutionNode = FALSE
	EndGlobalSection
	GlobalSection(ExtensibilityGlobals) = postSolution
		SolutionGuid = {BA4348A3-BDB5-4C2C-BA9D-C39FC0790227}
	EndGlobalSection
EndGlobal
